{
  "projectName": "HR_Portal_Backend",
  "lockFileVer": 3,
  "dependenciesRequired": true,
  "pkgDetails": {
    "root": {
      "dependencies": {
        "dotenv": "^16.4.7"
      }
    },
    "node_modules/dotenv": {
      "pkgVersion": "16.4.7",
      "resolvedUrl": "https://registry.npmjs.org/dotenv/-/dotenv-16.4.7.tgz",
      "hashValue": "sha512-47qPchRCykZC03FhkYAhrvwU4xDBFIj1QPqaarj6mdM/hgUzfPHcpkHJOn3mJAufFeeAxAzeGsr5X0M4k6fLZQ==",
      "licenceInfo": "BSD-2-Clause",
      "engineCompatibility": {
        "node": ">=12"
      },
      "fundingSupport": {
        "url": "https://dotenvx.com"
      }
    }
  }
}